
Microsoft Visual Studio Solution File, Format Version 12.00
Project("{FAE04EC0-301F-11D3-BF4B-00C04F79EFBC}") = "EsportManager", "EsportManager\EsportManager.csproj", "{1989E468-1BF9-4E33-86FD-A86373CE1487}"
EndProject
Global
	GlobalSection(SolutionConfigurationPlatforms) = preSolution
		Debug|Any CPU = Debug|Any CPU
		Release|Any CPU = Release|Any CPU
	EndGlobalSection
	GlobalSection(ProjectConfigurationPlatforms) = postSolution
		{1989E468-1BF9-4E33-86FD-A86373CE1487}.Debug|Any CPU.ActiveCfg = Debug|Any CPU
		{1989E468-1BF9-4E33-86FD-A86373CE1487}.Debug|Any CPU.Build.0 = Debug|Any CPU
		{1989E468-1BF9-4E33-86FD-A86373CE1487}.Release|Any CPU.ActiveCfg = Release|Any CPU
		{1989E468-1BF9-4E33-86FD-A86373CE1487}.Release|Any CPU.Build.0 = Release|Any CPU
	EndGlobalSection
EndGlobal
